
Microsoft Visual Studio Solution File, Format Version 12.00
# Visual Studio 15
VisualStudioVersion = 15.0.27130.2010
MinimumVisualStudioVersion = 10.0.40219.1
Project("{FAE04EC0-301F-11D3-BF4B-00C04F79EFBC}") = "GeminiLab.Core2", "GeminiLab.Core2\GeminiLab.Core2.csproj", "{BF79E068-29F4-4DA5-A426-FEE3688A4F7A}"
EndProject
Global
	GlobalSection(SolutionConfigurationPlatforms) = preSolution
		Debug|Any CPU = Debug|Any CPU
		Release|Any CPU = Release|Any CPU
	EndGlobalSection
	GlobalSection(ProjectConfigurationPlatforms) = postSolution
		{BF79E068-29F4-4DA5-A426-FEE3688A4F7A}.Debug|Any CPU.ActiveCfg = Debug|Any CPU
		{BF79E068-29F4-4DA5-A426-FEE3688A4F7A}.Debug|Any CPU.Build.0 = Debug|Any CPU
		{BF79E068-29F4-4DA5-A426-FEE3688A4F7A}.Release|Any CPU.ActiveCfg = Release|Any CPU
		{BF79E068-29F4-4DA5-A426-FEE3688A4F7A}.Release|Any CPU.Build.0 = Release|Any CPU
	EndGlobalSection
	GlobalSection(SolutionProperties) = preSolution
		HideSolutionNode = FALSE
	EndGlobalSection
	GlobalSection(ExtensibilityGlobals) = postSolution
		SolutionGuid = {B60A9530-4645-4229-91A0-B0DD45E6CF5F}
	EndGlobalSection
EndGlobal
